// !$*UTF8*$!
{
	archiveVersion = 1;
	classes = {
	};
	objectVersion = 55;
	objects = {

/* Begin PBXBuildFile section */
		55113C10285325B300B2AE5D /* ReqApp.swift in Sources */ = {isa = PBXBuildFile; fileRef = 55113C0F285325B300B2AE5D /* ReqApp.swift */; };
		55113C12285325B300B2AE5D /* ContentView.swift in Sources */ = {isa = PBXBuildFile; fileRef = 55113C11285325B300B2AE5D /* ContentView.swift */; };
		55113C14285325B400B2AE5D /* Assets.xcassets in Resources */ = {isa = PBXBuildFile; fileRef = 55113C13285325B400B2AE5D /* Assets.xcassets */; };
		55113C17285325B400B2AE5D /* Preview Assets.xcassets in Resources */ = {isa = PBXBuildFile; fileRef = 55113C16285325B400B2AE5D /* Preview Assets.xcassets */; };
		55113C19285325B400B2AE5D /* Persistence.swift in Sources */ = {isa = PBXBuildFile; fileRef = 55113C18285325B400B2AE5D /* Persistence.swift */; };
		55113C1C285325B400B2AE5D /* Req.xcdatamodeld in Sources */ = {isa = PBXBuildFile; fileRef = 55113C1A285325B400B2AE5D /* Req.xcdatamodeld */; };
		55113C3728538E2B00B2AE5D /* Entity.swift in Sources */ = {isa = PBXBuildFile; fileRef = 55113C3628538E2B00B2AE5D /* Entity.swift */; };
		55113C392854C03000B2AE5D /* FeedbackImage.swift in Sources */ = {isa = PBXBuildFile; fileRef = 55113C382854C03000B2AE5D /* FeedbackImage.swift */; };
		55113C3B2854C18500B2AE5D /* FeedbackBottomView.swift in Sources */ = {isa = PBXBuildFile; fileRef = 55113C3A2854C18500B2AE5D /* FeedbackBottomView.swift */; };
		55113C3D2854C49300B2AE5D /* AddFeedbackButton.swift in Sources */ = {isa = PBXBuildFile; fileRef = 55113C3C2854C49300B2AE5D /* AddFeedbackButton.swift */; };
		55113C3F2854E35900B2AE5D /* AddFeedbackView.swift in Sources */ = {isa = PBXBuildFile; fileRef = 55113C3E2854E35900B2AE5D /* AddFeedbackView.swift */; };
		55113C412854E53B00B2AE5D /* TestCameraView.swift in Sources */ = {isa = PBXBuildFile; fileRef = 55113C402854E53B00B2AE5D /* TestCameraView.swift */; };
		55113C442854FE3A00B2AE5D /* BeforeAddFeedbackText.swift in Sources */ = {isa = PBXBuildFile; fileRef = 55113C432854FE3A00B2AE5D /* BeforeAddFeedbackText.swift */; };
		55113C462854FE9500B2AE5D /* BeforeAddFeedbackBottomView.swift in Sources */ = {isa = PBXBuildFile; fileRef = 55113C452854FE9500B2AE5D /* BeforeAddFeedbackBottomView.swift */; };
		55113C492855004E00B2AE5D /* AfterAddFeedbackText.swift in Sources */ = {isa = PBXBuildFile; fileRef = 55113C482855004E00B2AE5D /* AfterAddFeedbackText.swift */; };
		55113C4B285501E600B2AE5D /* DivisionLine.swift in Sources */ = {isa = PBXBuildFile; fileRef = 55113C4A285501E600B2AE5D /* DivisionLine.swift */; };
		55113C4D2855022E00B2AE5D /* AfterAddFeedbackBottomView.swift in Sources */ = {isa = PBXBuildFile; fileRef = 55113C4C2855022E00B2AE5D /* AfterAddFeedbackBottomView.swift */; };
		55113C5028550A8F00B2AE5D /* PinImage.swift in Sources */ = {isa = PBXBuildFile; fileRef = 55113C4F28550A8F00B2AE5D /* PinImage.swift */; };
		55113C522855B19700B2AE5D /* FeedbackTitleTextField.swift in Sources */ = {isa = PBXBuildFile; fileRef = 55113C512855B19700B2AE5D /* FeedbackTitleTextField.swift */; };
		55113C542855C93600B2AE5D /* FeedbackDescriptionTextEditor.swift in Sources */ = {isa = PBXBuildFile; fileRef = 55113C532855C93600B2AE5D /* FeedbackDescriptionTextEditor.swift */; };
		55113C562855CBCE00B2AE5D /* EditFeedbackBottomView.swift in Sources */ = {isa = PBXBuildFile; fileRef = 55113C552855CBCE00B2AE5D /* EditFeedbackBottomView.swift */; };
		55113C592857054800B2AE5D /* FeedbackNavigationBar.swift in Sources */ = {isa = PBXBuildFile; fileRef = 55113C582857054800B2AE5D /* FeedbackNavigationBar.swift */; };
		55113C5B285713AC00B2AE5D /* AddFeedbackNavigationItem.swift in Sources */ = {isa = PBXBuildFile; fileRef = 55113C5A285713AC00B2AE5D /* AddFeedbackNavigationItem.swift */; };
		55113C5D2857268A00B2AE5D /* WriteFeedbackNavigationItem.swift in Sources */ = {isa = PBXBuildFile; fileRef = 55113C5C2857268A00B2AE5D /* WriteFeedbackNavigationItem.swift */; };
		55113C5F28574D0B00B2AE5D /* AdjustFeedbackNavigationItem.swift in Sources */ = {isa = PBXBuildFile; fileRef = 55113C5E28574D0B00B2AE5D /* AdjustFeedbackNavigationItem.swift */; };
		55113C63285755B900B2AE5D /* AdjustFeedbackBottomView.swift in Sources */ = {isa = PBXBuildFile; fileRef = 55113C62285755B900B2AE5D /* AdjustFeedbackBottomView.swift */; };
		55113C652857761500B2AE5D /* AdjustFeedbackTitle.swift in Sources */ = {isa = PBXBuildFile; fileRef = 55113C642857761500B2AE5D /* AdjustFeedbackTitle.swift */; };
		55113C672857767800B2AE5D /* AdjustFeedbackDescription.swift in Sources */ = {isa = PBXBuildFile; fileRef = 55113C662857767800B2AE5D /* AdjustFeedbackDescription.swift */; };
		55113C6A28578EC900B2AE5D /* KeyboardControl.swift in Sources */ = {isa = PBXBuildFile; fileRef = 55113C6928578EC900B2AE5D /* KeyboardControl.swift */; };
		55113C8E2858595900B2AE5D /* AddFeedbackNavigationXButton.swift in Sources */ = {isa = PBXBuildFile; fileRef = 55113C8D2858595900B2AE5D /* AddFeedbackNavigationXButton.swift */; };
		55113C9028585A3900B2AE5D /* AddFeedbackNavigationSaveButton.swift in Sources */ = {isa = PBXBuildFile; fileRef = 55113C8F28585A3900B2AE5D /* AddFeedbackNavigationSaveButton.swift */; };
		55113C9328585CC900B2AE5D /* WriteFeedbackNavigationCancelButton.swift in Sources */ = {isa = PBXBuildFile; fileRef = 55113C9228585CC900B2AE5D /* WriteFeedbackNavigationCancelButton.swift */; };
/* End PBXBuildFile section */

/* Begin PBXFileReference section */
		55113C0C285325B300B2AE5D /* Req.app */ = {isa = PBXFileReference; explicitFileType = wrapper.application; includeInIndex = 0; path = Req.app; sourceTree = BUILT_PRODUCTS_DIR; };
		55113C0F285325B300B2AE5D /* ReqApp.swift */ = {isa = PBXFileReference; lastKnownFileType = sourcecode.swift; path = ReqApp.swift; sourceTree = "<group>"; };
		55113C11285325B300B2AE5D /* ContentView.swift */ = {isa = PBXFileReference; lastKnownFileType = sourcecode.swift; path = ContentView.swift; sourceTree = "<group>"; };
		55113C13285325B400B2AE5D /* Assets.xcassets */ = {isa = PBXFileReference; lastKnownFileType = folder.assetcatalog; path = Assets.xcassets; sourceTree = "<group>"; };
		55113C16285325B400B2AE5D /* Preview Assets.xcassets */ = {isa = PBXFileReference; lastKnownFileType = folder.assetcatalog; path = "Preview Assets.xcassets"; sourceTree = "<group>"; };
		55113C18285325B400B2AE5D /* Persistence.swift */ = {isa = PBXFileReference; lastKnownFileType = sourcecode.swift; path = Persistence.swift; sourceTree = "<group>"; };
		55113C1B285325B400B2AE5D /* Req.xcdatamodel */ = {isa = PBXFileReference; lastKnownFileType = wrapper.xcdatamodel; path = Req.xcdatamodel; sourceTree = "<group>"; };
		55113C3628538E2B00B2AE5D /* Entity.swift */ = {isa = PBXFileReference; lastKnownFileType = sourcecode.swift; path = Entity.swift; sourceTree = "<group>"; };
		55113C382854C03000B2AE5D /* FeedbackImage.swift */ = {isa = PBXFileReference; lastKnownFileType = sourcecode.swift; path = FeedbackImage.swift; sourceTree = "<group>"; };
		55113C3A2854C18500B2AE5D /* FeedbackBottomView.swift */ = {isa = PBXFileReference; lastKnownFileType = sourcecode.swift; path = FeedbackBottomView.swift; sourceTree = "<group>"; };
		55113C3C2854C49300B2AE5D /* AddFeedbackButton.swift */ = {isa = PBXFileReference; lastKnownFileType = sourcecode.swift; path = AddFeedbackButton.swift; sourceTree = "<group>"; };
		55113C3E2854E35900B2AE5D /* AddFeedbackView.swift */ = {isa = PBXFileReference; lastKnownFileType = sourcecode.swift; path = AddFeedbackView.swift; sourceTree = "<group>"; };
		55113C402854E53B00B2AE5D /* TestCameraView.swift */ = {isa = PBXFileReference; lastKnownFileType = sourcecode.swift; path = TestCameraView.swift; sourceTree = "<group>"; };
		55113C432854FE3A00B2AE5D /* BeforeAddFeedbackText.swift */ = {isa = PBXFileReference; lastKnownFileType = sourcecode.swift; path = BeforeAddFeedbackText.swift; sourceTree = "<group>"; };
		55113C452854FE9500B2AE5D /* BeforeAddFeedbackBottomView.swift */ = {isa = PBXFileReference; lastKnownFileType = sourcecode.swift; path = BeforeAddFeedbackBottomView.swift; sourceTree = "<group>"; };
		55113C482855004E00B2AE5D /* AfterAddFeedbackText.swift */ = {isa = PBXFileReference; lastKnownFileType = sourcecode.swift; path = AfterAddFeedbackText.swift; sourceTree = "<group>"; };
		55113C4A285501E600B2AE5D /* DivisionLine.swift */ = {isa = PBXFileReference; lastKnownFileType = sourcecode.swift; path = DivisionLine.swift; sourceTree = "<group>"; };
		55113C4C2855022E00B2AE5D /* AfterAddFeedbackBottomView.swift */ = {isa = PBXFileReference; lastKnownFileType = sourcecode.swift; path = AfterAddFeedbackBottomView.swift; sourceTree = "<group>"; };
		55113C4F28550A8F00B2AE5D /* PinImage.swift */ = {isa = PBXFileReference; lastKnownFileType = sourcecode.swift; path = PinImage.swift; sourceTree = "<group>"; };
		55113C512855B19700B2AE5D /* FeedbackTitleTextField.swift */ = {isa = PBXFileReference; lastKnownFileType = sourcecode.swift; path = FeedbackTitleTextField.swift; sourceTree = "<group>"; };
		55113C532855C93600B2AE5D /* FeedbackDescriptionTextEditor.swift */ = {isa = PBXFileReference; lastKnownFileType = sourcecode.swift; path = FeedbackDescriptionTextEditor.swift; sourceTree = "<group>"; };
		55113C552855CBCE00B2AE5D /* EditFeedbackBottomView.swift */ = {isa = PBXFileReference; lastKnownFileType = sourcecode.swift; path = EditFeedbackBottomView.swift; sourceTree = "<group>"; };
		55113C582857054800B2AE5D /* FeedbackNavigationBar.swift */ = {isa = PBXFileReference; lastKnownFileType = sourcecode.swift; path = FeedbackNavigationBar.swift; sourceTree = "<group>"; };
		55113C5A285713AC00B2AE5D /* AddFeedbackNavigationItem.swift */ = {isa = PBXFileReference; lastKnownFileType = sourcecode.swift; path = AddFeedbackNavigationItem.swift; sourceTree = "<group>"; };
		55113C5C2857268A00B2AE5D /* WriteFeedbackNavigationItem.swift */ = {isa = PBXFileReference; lastKnownFileType = sourcecode.swift; path = WriteFeedbackNavigationItem.swift; sourceTree = "<group>"; };
		55113C5E28574D0B00B2AE5D /* AdjustFeedbackNavigationItem.swift */ = {isa = PBXFileReference; lastKnownFileType = sourcecode.swift; path = AdjustFeedbackNavigationItem.swift; sourceTree = "<group>"; };
		55113C62285755B900B2AE5D /* AdjustFeedbackBottomView.swift */ = {isa = PBXFileReference; lastKnownFileType = sourcecode.swift; path = AdjustFeedbackBottomView.swift; sourceTree = "<group>"; };
		55113C642857761500B2AE5D /* AdjustFeedbackTitle.swift */ = {isa = PBXFileReference; lastKnownFileType = sourcecode.swift; path = AdjustFeedbackTitle.swift; sourceTree = "<group>"; };
		55113C662857767800B2AE5D /* AdjustFeedbackDescription.swift */ = {isa = PBXFileReference; lastKnownFileType = sourcecode.swift; path = AdjustFeedbackDescription.swift; sourceTree = "<group>"; };
		55113C6928578EC900B2AE5D /* KeyboardControl.swift */ = {isa = PBXFileReference; lastKnownFileType = sourcecode.swift; path = KeyboardControl.swift; sourceTree = "<group>"; };
		55113C8D2858595900B2AE5D /* AddFeedbackNavigationXButton.swift */ = {isa = PBXFileReference; lastKnownFileType = sourcecode.swift; path = AddFeedbackNavigationXButton.swift; sourceTree = "<group>"; };
		55113C8F28585A3900B2AE5D /* AddFeedbackNavigationSaveButton.swift */ = {isa = PBXFileReference; lastKnownFileType = sourcecode.swift; path = AddFeedbackNavigationSaveButton.swift; sourceTree = "<group>"; };
		55113C9228585CC900B2AE5D /* WriteFeedbackNavigationCancelButton.swift */ = {isa = PBXFileReference; lastKnownFileType = sourcecode.swift; path = WriteFeedbackNavigationCancelButton.swift; sourceTree = "<group>"; };
/* End PBXFileReference section */

/* Begin PBXFrameworksBuildPhase section */
		55113C09285325B300B2AE5D /* Frameworks */ = {
			isa = PBXFrameworksBuildPhase;
			buildActionMask = 2147483647;
			files = (
			);
			runOnlyForDeploymentPostprocessing = 0;
		};
/* End PBXFrameworksBuildPhase section */

/* Begin PBXGroup section */
		55113C03285325B300B2AE5D = {
			isa = PBXGroup;
			children = (
				55113C0E285325B300B2AE5D /* Req */,
				55113C0D285325B300B2AE5D /* Products */,
			);
			sourceTree = "<group>";
		};
		55113C0D285325B300B2AE5D /* Products */ = {
			isa = PBXGroup;
			children = (
				55113C0C285325B300B2AE5D /* Req.app */,
			);
			name = Products;
			sourceTree = "<group>";
		};
		55113C0E285325B300B2AE5D /* Req */ = {
			isa = PBXGroup;
			children = (
				55113C0F285325B300B2AE5D /* ReqApp.swift */,
				55113C11285325B300B2AE5D /* ContentView.swift */,
				55113C13285325B400B2AE5D /* Assets.xcassets */,
				55113C18285325B400B2AE5D /* Persistence.swift */,
				55113C402854E53B00B2AE5D /* TestCameraView.swift */,
				55113C6928578EC900B2AE5D /* KeyboardControl.swift */,
				55113C422854FDB200B2AE5D /* AddFeedback */,
				55113C3628538E2B00B2AE5D /* Entity.swift */,
				55113C1A285325B400B2AE5D /* Req.xcdatamodeld */,
				55113C15285325B400B2AE5D /* Preview Content */,
			);
			path = Req;
			sourceTree = "<group>";
		};
		55113C15285325B400B2AE5D /* Preview Content */ = {
			isa = PBXGroup;
			children = (
				55113C16285325B400B2AE5D /* Preview Assets.xcassets */,
			);
			path = "Preview Content";
			sourceTree = "<group>";
		};
		55113C422854FDB200B2AE5D /* AddFeedback */ = {
			isa = PBXGroup;
			children = (
				55113C3E2854E35900B2AE5D /* AddFeedbackView.swift */,
				55113C582857054800B2AE5D /* FeedbackNavigationBar.swift */,
				55113C3A2854C18500B2AE5D /* FeedbackBottomView.swift */,
				55113C382854C03000B2AE5D /* FeedbackImage.swift */,
				55113C4F28550A8F00B2AE5D /* PinImage.swift */,
				55113C4A285501E600B2AE5D /* DivisionLine.swift */,
				55113C612857539A00B2AE5D /* FeedbackNavigationItems */,
				55113C602857537F00B2AE5D /* FeedbackBottomViews */,
			);
			path = AddFeedback;
			sourceTree = "<group>";
		};
		55113C472854FFD100B2AE5D /* BeforeAddFeedbackBottom */ = {
			isa = PBXGroup;
			children = (
				55113C452854FE9500B2AE5D /* BeforeAddFeedbackBottomView.swift */,
				55113C432854FE3A00B2AE5D /* BeforeAddFeedbackText.swift */,
				55113C3C2854C49300B2AE5D /* AddFeedbackButton.swift */,
			);
			path = BeforeAddFeedbackBottom;
			sourceTree = "<group>";
		};
		55113C4E285506AA00B2AE5D /* AfterAddFeedbackBottom */ = {
			isa = PBXGroup;
			children = (
				55113C4C2855022E00B2AE5D /* AfterAddFeedbackBottomView.swift */,
				55113C482855004E00B2AE5D /* AfterAddFeedbackText.swift */,
			);
			path = AfterAddFeedbackBottom;
			sourceTree = "<group>";
		};
		55113C572855CD2200B2AE5D /* EditFeedbackBottom */ = {
			isa = PBXGroup;
			children = (
				55113C552855CBCE00B2AE5D /* EditFeedbackBottomView.swift */,
				55113C512855B19700B2AE5D /* FeedbackTitleTextField.swift */,
				55113C532855C93600B2AE5D /* FeedbackDescriptionTextEditor.swift */,
			);
			path = EditFeedbackBottom;
			sourceTree = "<group>";
		};
		55113C602857537F00B2AE5D /* FeedbackBottomViews */ = {
			isa = PBXGroup;
			children = (
				55113C472854FFD100B2AE5D /* BeforeAddFeedbackBottom */,
				55113C4E285506AA00B2AE5D /* AfterAddFeedbackBottom */,
				55113C572855CD2200B2AE5D /* EditFeedbackBottom */,
				55113C68285779FC00B2AE5D /* AdjustFeedbackBottom */,
			);
			path = FeedbackBottomViews;
			sourceTree = "<group>";
		};
		55113C612857539A00B2AE5D /* FeedbackNavigationItems */ = {
			isa = PBXGroup;
			children = (
				55113C9128585AC800B2AE5D /* AddFeedbackNavigationItem */,
				55113C5C2857268A00B2AE5D /* WriteFeedbackNavigationItem.swift */,
				55113C9228585CC900B2AE5D /* WriteFeedbackNavigationCancelButton.swift */,
				55113C5E28574D0B00B2AE5D /* AdjustFeedbackNavigationItem.swift */,
			);
			path = FeedbackNavigationItems;
			sourceTree = "<group>";
		};
		55113C68285779FC00B2AE5D /* AdjustFeedbackBottom */ = {
			isa = PBXGroup;
			children = (
				55113C62285755B900B2AE5D /* AdjustFeedbackBottomView.swift */,
				55113C642857761500B2AE5D /* AdjustFeedbackTitle.swift */,
				55113C662857767800B2AE5D /* AdjustFeedbackDescription.swift */,
			);
			path = AdjustFeedbackBottom;
			sourceTree = "<group>";
		};
		55113C9128585AC800B2AE5D /* AddFeedbackNavigationItem */ = {
			isa = PBXGroup;
			children = (
				55113C5A285713AC00B2AE5D /* AddFeedbackNavigationItem.swift */,
				55113C8D2858595900B2AE5D /* AddFeedbackNavigationXButton.swift */,
				55113C8F28585A3900B2AE5D /* AddFeedbackNavigationSaveButton.swift */,
			);
			path = AddFeedbackNavigationItem;
			sourceTree = "<group>";
		};
/* End PBXGroup section */

/* Begin PBXNativeTarget section */
		55113C0B285325B300B2AE5D /* Req */ = {
			isa = PBXNativeTarget;
			buildConfigurationList = 55113C1F285325B400B2AE5D /* Build configuration list for PBXNativeTarget "Req" */;
			buildPhases = (
				55113C08285325B300B2AE5D /* Sources */,
				55113C09285325B300B2AE5D /* Frameworks */,
				55113C0A285325B300B2AE5D /* Resources */,
			);
			buildRules = (
			);
			dependencies = (
			);
			name = Req;
			productName = Req;
			productReference = 55113C0C285325B300B2AE5D /* Req.app */;
			productType = "com.apple.product-type.application";
		};
/* End PBXNativeTarget section */

/* Begin PBXProject section */
		55113C04285325B300B2AE5D /* Project object */ = {
			isa = PBXProject;
			attributes = {
				BuildIndependentTargetsInParallel = 1;
				LastSwiftUpdateCheck = 1330;
				LastUpgradeCheck = 1330;
				TargetAttributes = {
					55113C0B285325B300B2AE5D = {
						CreatedOnToolsVersion = 13.3;
					};
				};
			};
			buildConfigurationList = 55113C07285325B300B2AE5D /* Build configuration list for PBXProject "Req" */;
			compatibilityVersion = "Xcode 13.0";
			developmentRegion = en;
			hasScannedForEncodings = 0;
			knownRegions = (
				en,
				Base,
			);
			mainGroup = 55113C03285325B300B2AE5D;
			productRefGroup = 55113C0D285325B300B2AE5D /* Products */;
			projectDirPath = "";
			projectRoot = "";
			targets = (
				55113C0B285325B300B2AE5D /* Req */,
			);
		};
/* End PBXProject section */

/* Begin PBXResourcesBuildPhase section */
		55113C0A285325B300B2AE5D /* Resources */ = {
			isa = PBXResourcesBuildPhase;
			buildActionMask = 2147483647;
			files = (
				55113C17285325B400B2AE5D /* Preview Assets.xcassets in Resources */,
				55113C14285325B400B2AE5D /* Assets.xcassets in Resources */,
			);
			runOnlyForDeploymentPostprocessing = 0;
		};
/* End PBXResourcesBuildPhase section */

/* Begin PBXSourcesBuildPhase section */
		55113C08285325B300B2AE5D /* Sources */ = {
			isa = PBXSourcesBuildPhase;
			buildActionMask = 2147483647;
			files = (
				55113C5B285713AC00B2AE5D /* AddFeedbackNavigationItem.swift in Sources */,
				55113C1C285325B400B2AE5D /* Req.xcdatamodeld in Sources */,
				55113C19285325B400B2AE5D /* Persistence.swift in Sources */,
				55113C462854FE9500B2AE5D /* BeforeAddFeedbackBottomView.swift in Sources */,
				55113C6A28578EC900B2AE5D /* KeyboardControl.swift in Sources */,
				55113C5028550A8F00B2AE5D /* PinImage.swift in Sources */,
				55113C9328585CC900B2AE5D /* WriteFeedbackNavigationCancelButton.swift in Sources */,
				55113C592857054800B2AE5D /* FeedbackNavigationBar.swift in Sources */,
				55113C8E2858595900B2AE5D /* AddFeedbackNavigationXButton.swift in Sources */,
				55113C12285325B300B2AE5D /* ContentView.swift in Sources */,
				55113C4B285501E600B2AE5D /* DivisionLine.swift in Sources */,
				55113C3728538E2B00B2AE5D /* Entity.swift in Sources */,
				55113C5D2857268A00B2AE5D /* WriteFeedbackNavigationItem.swift in Sources */,
				55113C542855C93600B2AE5D /* FeedbackDescriptionTextEditor.swift in Sources */,
				55113C4D2855022E00B2AE5D /* AfterAddFeedbackBottomView.swift in Sources */,
				55113C3F2854E35900B2AE5D /* AddFeedbackView.swift in Sources */,
				55113C442854FE3A00B2AE5D /* BeforeAddFeedbackText.swift in Sources */,
				55113C672857767800B2AE5D /* AdjustFeedbackDescription.swift in Sources */,
				55113C3D2854C49300B2AE5D /* AddFeedbackButton.swift in Sources */,
				55113C5F28574D0B00B2AE5D /* AdjustFeedbackNavigationItem.swift in Sources */,
				55113C392854C03000B2AE5D /* FeedbackImage.swift in Sources */,
				55113C652857761500B2AE5D /* AdjustFeedbackTitle.swift in Sources */,
				55113C63285755B900B2AE5D /* AdjustFeedbackBottomView.swift in Sources */,
				55113C492855004E00B2AE5D /* AfterAddFeedbackText.swift in Sources */,
				55113C3B2854C18500B2AE5D /* FeedbackBottomView.swift in Sources */,
				55113C9028585A3900B2AE5D /* AddFeedbackNavigationSaveButton.swift in Sources */,
				55113C10285325B300B2AE5D /* ReqApp.swift in Sources */,
				55113C562855CBCE00B2AE5D /* EditFeedbackBottomView.swift in Sources */,
				55113C522855B19700B2AE5D /* FeedbackTitleTextField.swift in Sources */,
				55113C412854E53B00B2AE5D /* TestCameraView.swift in Sources */,
			);
			runOnlyForDeploymentPostprocessing = 0;
		};
/* End PBXSourcesBuildPhase section */

/* Begin XCBuildConfiguration section */
		55113C1D285325B400B2AE5D /* Debug */ = {
			isa = XCBuildConfiguration;
			buildSettings = {
				ALWAYS_SEARCH_USER_PATHS = NO;
				CLANG_ANALYZER_NONNULL = YES;
				CLANG_ANALYZER_NUMBER_OBJECT_CONVERSION = YES_AGGRESSIVE;
				CLANG_CXX_LANGUAGE_STANDARD = "gnu++17";
				CLANG_ENABLE_MODULES = YES;
				CLANG_ENABLE_OBJC_ARC = YES;
				CLANG_ENABLE_OBJC_WEAK = YES;
				CLANG_WARN_BLOCK_CAPTURE_AUTORELEASING = YES;
				CLANG_WARN_BOOL_CONVERSION = YES;
				CLANG_WARN_COMMA = YES;
				CLANG_WARN_CONSTANT_CONVERSION = YES;
				CLANG_WARN_DEPRECATED_OBJC_IMPLEMENTATIONS = YES;
				CLANG_WARN_DIRECT_OBJC_ISA_USAGE = YES_ERROR;
				CLANG_WARN_DOCUMENTATION_COMMENTS = YES;
				CLANG_WARN_EMPTY_BODY = YES;
				CLANG_WARN_ENUM_CONVERSION = YES;
				CLANG_WARN_INFINITE_RECURSION = YES;
				CLANG_WARN_INT_CONVERSION = YES;
				CLANG_WARN_NON_LITERAL_NULL_CONVERSION = YES;
				CLANG_WARN_OBJC_IMPLICIT_RETAIN_SELF = YES;
				CLANG_WARN_OBJC_LITERAL_CONVERSION = YES;
				CLANG_WARN_OBJC_ROOT_CLASS = YES_ERROR;
				CLANG_WARN_QUOTED_INCLUDE_IN_FRAMEWORK_HEADER = YES;
				CLANG_WARN_RANGE_LOOP_ANALYSIS = YES;
				CLANG_WARN_STRICT_PROTOTYPES = YES;
				CLANG_WARN_SUSPICIOUS_MOVE = YES;
				CLANG_WARN_UNGUARDED_AVAILABILITY = YES_AGGRESSIVE;
				CLANG_WARN_UNREACHABLE_CODE = YES;
				CLANG_WARN__DUPLICATE_METHOD_MATCH = YES;
				COPY_PHASE_STRIP = NO;
				DEBUG_INFORMATION_FORMAT = dwarf;
				ENABLE_STRICT_OBJC_MSGSEND = YES;
				ENABLE_TESTABILITY = YES;
				GCC_C_LANGUAGE_STANDARD = gnu11;
				GCC_DYNAMIC_NO_PIC = NO;
				GCC_NO_COMMON_BLOCKS = YES;
				GCC_OPTIMIZATION_LEVEL = 0;
				GCC_PREPROCESSOR_DEFINITIONS = (
					"DEBUG=1",
					"$(inherited)",
				);
				GCC_WARN_64_TO_32_BIT_CONVERSION = YES;
				GCC_WARN_ABOUT_RETURN_TYPE = YES_ERROR;
				GCC_WARN_UNDECLARED_SELECTOR = YES;
				GCC_WARN_UNINITIALIZED_AUTOS = YES_AGGRESSIVE;
				GCC_WARN_UNUSED_FUNCTION = YES;
				GCC_WARN_UNUSED_VARIABLE = YES;
				IPHONEOS_DEPLOYMENT_TARGET = 15.4;
				MTL_ENABLE_DEBUG_INFO = INCLUDE_SOURCE;
				MTL_FAST_MATH = YES;
				ONLY_ACTIVE_ARCH = YES;
				SDKROOT = iphoneos;
				SWIFT_ACTIVE_COMPILATION_CONDITIONS = DEBUG;
				SWIFT_OPTIMIZATION_LEVEL = "-Onone";
			};
			name = Debug;
		};
		55113C1E285325B400B2AE5D /* Release */ = {
			isa = XCBuildConfiguration;
			buildSettings = {
				ALWAYS_SEARCH_USER_PATHS = NO;
				CLANG_ANALYZER_NONNULL = YES;
				CLANG_ANALYZER_NUMBER_OBJECT_CONVERSION = YES_AGGRESSIVE;
				CLANG_CXX_LANGUAGE_STANDARD = "gnu++17";
				CLANG_ENABLE_MODULES = YES;
				CLANG_ENABLE_OBJC_ARC = YES;
				CLANG_ENABLE_OBJC_WEAK = YES;
				CLANG_WARN_BLOCK_CAPTURE_AUTORELEASING = YES;
				CLANG_WARN_BOOL_CONVERSION = YES;
				CLANG_WARN_COMMA = YES;
				CLANG_WARN_CONSTANT_CONVERSION = YES;
				CLANG_WARN_DEPRECATED_OBJC_IMPLEMENTATIONS = YES;
				CLANG_WARN_DIRECT_OBJC_ISA_USAGE = YES_ERROR;
				CLANG_WARN_DOCUMENTATION_COMMENTS = YES;
				CLANG_WARN_EMPTY_BODY = YES;
				CLANG_WARN_ENUM_CONVERSION = YES;
				CLANG_WARN_INFINITE_RECURSION = YES;
				CLANG_WARN_INT_CONVERSION = YES;
				CLANG_WARN_NON_LITERAL_NULL_CONVERSION = YES;
				CLANG_WARN_OBJC_IMPLICIT_RETAIN_SELF = YES;
				CLANG_WARN_OBJC_LITERAL_CONVERSION = YES;
				CLANG_WARN_OBJC_ROOT_CLASS = YES_ERROR;
				CLANG_WARN_QUOTED_INCLUDE_IN_FRAMEWORK_HEADER = YES;
				CLANG_WARN_RANGE_LOOP_ANALYSIS = YES;
				CLANG_WARN_STRICT_PROTOTYPES = YES;
				CLANG_WARN_SUSPICIOUS_MOVE = YES;
				CLANG_WARN_UNGUARDED_AVAILABILITY = YES_AGGRESSIVE;
				CLANG_WARN_UNREACHABLE_CODE = YES;
				CLANG_WARN__DUPLICATE_METHOD_MATCH = YES;
				COPY_PHASE_STRIP = NO;
				DEBUG_INFORMATION_FORMAT = "dwarf-with-dsym";
				ENABLE_NS_ASSERTIONS = NO;
				ENABLE_STRICT_OBJC_MSGSEND = YES;
				GCC_C_LANGUAGE_STANDARD = gnu11;
				GCC_NO_COMMON_BLOCKS = YES;
				GCC_WARN_64_TO_32_BIT_CONVERSION = YES;
				GCC_WARN_ABOUT_RETURN_TYPE = YES_ERROR;
				GCC_WARN_UNDECLARED_SELECTOR = YES;
				GCC_WARN_UNINITIALIZED_AUTOS = YES_AGGRESSIVE;
				GCC_WARN_UNUSED_FUNCTION = YES;
				GCC_WARN_UNUSED_VARIABLE = YES;
				IPHONEOS_DEPLOYMENT_TARGET = 15.4;
				MTL_ENABLE_DEBUG_INFO = NO;
				MTL_FAST_MATH = YES;
				SDKROOT = iphoneos;
				SWIFT_COMPILATION_MODE = wholemodule;
				SWIFT_OPTIMIZATION_LEVEL = "-O";
				VALIDATE_PRODUCT = YES;
			};
			name = Release;
		};
		55113C20285325B400B2AE5D /* Debug */ = {
			isa = XCBuildConfiguration;
			buildSettings = {
				ASSETCATALOG_COMPILER_APPICON_NAME = AppIcon;
				ASSETCATALOG_COMPILER_GLOBAL_ACCENT_COLOR_NAME = AccentColor;
				CODE_SIGN_STYLE = Automatic;
				CURRENT_PROJECT_VERSION = 1;
				DEVELOPMENT_ASSET_PATHS = "\"Req/Preview Content\"";
				DEVELOPMENT_TEAM = 8B3RT7D582;
				ENABLE_PREVIEWS = YES;
				GENERATE_INFOPLIST_FILE = YES;
				INFOPLIST_KEY_UIApplicationSceneManifest_Generation = YES;
				INFOPLIST_KEY_UIApplicationSupportsIndirectInputEvents = YES;
				INFOPLIST_KEY_UILaunchScreen_Generation = YES;
				INFOPLIST_KEY_UISupportedInterfaceOrientations_iPad = "UIInterfaceOrientationPortrait UIInterfaceOrientationPortraitUpsideDown UIInterfaceOrientationLandscapeLeft UIInterfaceOrientationLandscapeRight";
				INFOPLIST_KEY_UISupportedInterfaceOrientations_iPhone = "UIInterfaceOrientationPortrait UIInterfaceOrientationLandscapeLeft UIInterfaceOrientationLandscapeRight";
				LD_RUNPATH_SEARCH_PATHS = (
					"$(inherited)",
					"@executable_path/Frameworks",
				);
				MARKETING_VERSION = 1.0;
				PRODUCT_BUNDLE_IDENTIFIER = com.curry.Req;
				PRODUCT_NAME = "$(TARGET_NAME)";
				SWIFT_EMIT_LOC_STRINGS = YES;
				SWIFT_VERSION = 5.0;
				TARGETED_DEVICE_FAMILY = "1,2";
			};
			name = Debug;
		};
		55113C21285325B400B2AE5D /* Release */ = {
			isa = XCBuildConfiguration;
			buildSettings = {
				ASSETCATALOG_COMPILER_APPICON_NAME = AppIcon;
				ASSETCATALOG_COMPILER_GLOBAL_ACCENT_COLOR_NAME = AccentColor;
				CODE_SIGN_STYLE = Automatic;
				CURRENT_PROJECT_VERSION = 1;
				DEVELOPMENT_ASSET_PATHS = "\"Req/Preview Content\"";
				DEVELOPMENT_TEAM = 8B3RT7D582;
				ENABLE_PREVIEWS = YES;
				GENERATE_INFOPLIST_FILE = YES;
				INFOPLIST_KEY_UIApplicationSceneManifest_Generation = YES;
				INFOPLIST_KEY_UIApplicationSupportsIndirectInputEvents = YES;
				INFOPLIST_KEY_UILaunchScreen_Generation = YES;
				INFOPLIST_KEY_UISupportedInterfaceOrientations_iPad = "UIInterfaceOrientationPortrait UIInterfaceOrientationPortraitUpsideDown UIInterfaceOrientationLandscapeLeft UIInterfaceOrientationLandscapeRight";
				INFOPLIST_KEY_UISupportedInterfaceOrientations_iPhone = "UIInterfaceOrientationPortrait UIInterfaceOrientationLandscapeLeft UIInterfaceOrientationLandscapeRight";
				LD_RUNPATH_SEARCH_PATHS = (
					"$(inherited)",
					"@executable_path/Frameworks",
				);
				MARKETING_VERSION = 1.0;
				PRODUCT_BUNDLE_IDENTIFIER = com.curry.Req;
				PRODUCT_NAME = "$(TARGET_NAME)";
				SWIFT_EMIT_LOC_STRINGS = YES;
				SWIFT_VERSION = 5.0;
				TARGETED_DEVICE_FAMILY = "1,2";
			};
			name = Release;
		};
/* End XCBuildConfiguration section */

/* Begin XCConfigurationList section */
		55113C07285325B300B2AE5D /* Build configuration list for PBXProject "Req" */ = {
			isa = XCConfigurationList;
			buildConfigurations = (
				55113C1D285325B400B2AE5D /* Debug */,
				55113C1E285325B400B2AE5D /* Release */,
			);
			defaultConfigurationIsVisible = 0;
			defaultConfigurationName = Release;
		};
		55113C1F285325B400B2AE5D /* Build configuration list for PBXNativeTarget "Req" */ = {
			isa = XCConfigurationList;
			buildConfigurations = (
				55113C20285325B400B2AE5D /* Debug */,
				55113C21285325B400B2AE5D /* Release */,
			);
			defaultConfigurationIsVisible = 0;
			defaultConfigurationName = Release;
		};
/* End XCConfigurationList section */

/* Begin XCVersionGroup section */
		55113C1A285325B400B2AE5D /* Req.xcdatamodeld */ = {
			isa = XCVersionGroup;
			children = (
				55113C1B285325B400B2AE5D /* Req.xcdatamodel */,
			);
			currentVersion = 55113C1B285325B400B2AE5D /* Req.xcdatamodel */;
			path = Req.xcdatamodeld;
			sourceTree = "<group>";
			versionGroupType = wrapper.xcdatamodel;
		};
/* End XCVersionGroup section */
	};
	rootObject = 55113C04285325B300B2AE5D /* Project object */;
}
