// !$*UTF8*$!
{
	archiveVersion = 1;
	classes = {
	};
	objectVersion = 55;
	objects = {

/* Begin PBXBuildFile section */
		4239FA19285601B6005B9C82 /* DetailViewDescription.swift in Sources */ = {isa = PBXBuildFile; fileRef = 4239FA18285601B6005B9C82 /* DetailViewDescription.swift */; };
		4239FA1D28564901005B9C82 /* DetailViewFeedback.swift in Sources */ = {isa = PBXBuildFile; fileRef = 4239FA1C28564901005B9C82 /* DetailViewFeedback.swift */; };
		4241F84828548802001E11DF /* DetailView.swift in Sources */ = {isa = PBXBuildFile; fileRef = 4241F84728548802001E11DF /* DetailView.swift */; };
		4249EE8A285513B300F63F11 /* TopMenuView.swift in Sources */ = {isa = PBXBuildFile; fileRef = 4249EE89285513B300F63F11 /* TopMenuView.swift */; };
		4249EE8C285515C600F63F11 /* ImageView.swift in Sources */ = {isa = PBXBuildFile; fileRef = 4249EE8B285515C600F63F11 /* ImageView.swift */; };
		42695E1128574410005D18A8 /* Entity.swift in Sources */ = {isa = PBXBuildFile; fileRef = 42695E1028574410005D18A8 /* Entity.swift */; };
		42695E1328574490005D18A8 /* PinImage.swift in Sources */ = {isa = PBXBuildFile; fileRef = 42695E1228574490005D18A8 /* PinImage.swift */; };
		55113C10285325B300B2AE5D /* ReqApp.swift in Sources */ = {isa = PBXBuildFile; fileRef = 55113C0F285325B300B2AE5D /* ReqApp.swift */; };
		55113C12285325B300B2AE5D /* ContentView.swift in Sources */ = {isa = PBXBuildFile; fileRef = 55113C11285325B300B2AE5D /* ContentView.swift */; };
		55113C14285325B400B2AE5D /* Assets.xcassets in Resources */ = {isa = PBXBuildFile; fileRef = 55113C13285325B400B2AE5D /* Assets.xcassets */; };
		55113C17285325B400B2AE5D /* Preview Assets.xcassets in Resources */ = {isa = PBXBuildFile; fileRef = 55113C16285325B400B2AE5D /* Preview Assets.xcassets */; };
		55113C19285325B400B2AE5D /* Persistence.swift in Sources */ = {isa = PBXBuildFile; fileRef = 55113C18285325B400B2AE5D /* Persistence.swift */; };
		55113C1C285325B400B2AE5D /* Req.xcdatamodeld in Sources */ = {isa = PBXBuildFile; fileRef = 55113C1A285325B400B2AE5D /* Req.xcdatamodeld */; };
/* End PBXBuildFile section */

/* Begin PBXFileReference section */
		4239FA18285601B6005B9C82 /* DetailViewDescription.swift */ = {isa = PBXFileReference; lastKnownFileType = sourcecode.swift; path = DetailViewDescription.swift; sourceTree = "<group>"; };
		4239FA1C28564901005B9C82 /* DetailViewFeedback.swift */ = {isa = PBXFileReference; lastKnownFileType = sourcecode.swift; path = DetailViewFeedback.swift; sourceTree = "<group>"; };
		4241F84728548802001E11DF /* DetailView.swift */ = {isa = PBXFileReference; lastKnownFileType = sourcecode.swift; path = DetailView.swift; sourceTree = "<group>"; };
		4249EE89285513B300F63F11 /* TopMenuView.swift */ = {isa = PBXFileReference; lastKnownFileType = sourcecode.swift; path = TopMenuView.swift; sourceTree = "<group>"; };
		4249EE8B285515C600F63F11 /* ImageView.swift */ = {isa = PBXFileReference; lastKnownFileType = sourcecode.swift; path = ImageView.swift; sourceTree = "<group>"; };
		42695E1028574410005D18A8 /* Entity.swift */ = {isa = PBXFileReference; lastKnownFileType = sourcecode.swift; path = Entity.swift; sourceTree = "<group>"; };
		42695E1228574490005D18A8 /* PinImage.swift */ = {isa = PBXFileReference; lastKnownFileType = sourcecode.swift; path = PinImage.swift; sourceTree = "<group>"; };
		55113C0C285325B300B2AE5D /* Req.app */ = {isa = PBXFileReference; explicitFileType = wrapper.application; includeInIndex = 0; path = Req.app; sourceTree = BUILT_PRODUCTS_DIR; };
		55113C0F285325B300B2AE5D /* ReqApp.swift */ = {isa = PBXFileReference; lastKnownFileType = sourcecode.swift; path = ReqApp.swift; sourceTree = "<group>"; };
		55113C11285325B300B2AE5D /* ContentView.swift */ = {isa = PBXFileReference; lastKnownFileType = sourcecode.swift; path = ContentView.swift; sourceTree = "<group>"; };
		55113C13285325B400B2AE5D /* Assets.xcassets */ = {isa = PBXFileReference; lastKnownFileType = folder.assetcatalog; path = Assets.xcassets; sourceTree = "<group>"; };
		55113C16285325B400B2AE5D /* Preview Assets.xcassets */ = {isa = PBXFileReference; lastKnownFileType = folder.assetcatalog; path = "Preview Assets.xcassets"; sourceTree = "<group>"; };
		55113C18285325B400B2AE5D /* Persistence.swift */ = {isa = PBXFileReference; lastKnownFileType = sourcecode.swift; path = Persistence.swift; sourceTree = "<group>"; };
		55113C1B285325B400B2AE5D /* Req.xcdatamodel */ = {isa = PBXFileReference; lastKnownFileType = wrapper.xcdatamodel; path = Req.xcdatamodel; sourceTree = "<group>"; };
/* End PBXFileReference section */

/* Begin PBXFrameworksBuildPhase section */
		55113C09285325B300B2AE5D /* Frameworks */ = {
			isa = PBXFrameworksBuildPhase;
			buildActionMask = 2147483647;
			files = (
			);
			runOnlyForDeploymentPostprocessing = 0;
		};
/* End PBXFrameworksBuildPhase section */

/* Begin PBXGroup section */
		4241F846285487E5001E11DF /* DetailView */ = {
			isa = PBXGroup;
			children = (
				42695E1228574490005D18A8 /* PinImage.swift */,
				4241F84728548802001E11DF /* DetailView.swift */,
				4249EE89285513B300F63F11 /* TopMenuView.swift */,
				4249EE8B285515C600F63F11 /* ImageView.swift */,
				4239FA18285601B6005B9C82 /* DetailViewDescription.swift */,
				4239FA1C28564901005B9C82 /* DetailViewFeedback.swift */,
			);
			path = DetailView;
			sourceTree = "<group>";
		};
		55113C03285325B300B2AE5D = {
			isa = PBXGroup;
			children = (
				55113C0E285325B300B2AE5D /* Req */,
				55113C0D285325B300B2AE5D /* Products */,
			);
			sourceTree = "<group>";
		};
		55113C0D285325B300B2AE5D /* Products */ = {
			isa = PBXGroup;
			children = (
				55113C0C285325B300B2AE5D /* Req.app */,
			);
			name = Products;
			sourceTree = "<group>";
		};
		55113C0E285325B300B2AE5D /* Req */ = {
			isa = PBXGroup;
			children = (
				4241F846285487E5001E11DF /* DetailView */,
				55113C0F285325B300B2AE5D /* ReqApp.swift */,
				55113C11285325B300B2AE5D /* ContentView.swift */,
				55113C13285325B400B2AE5D /* Assets.xcassets */,
				55113C18285325B400B2AE5D /* Persistence.swift */,
				55113C1A285325B400B2AE5D /* Req.xcdatamodeld */,
				55113C15285325B400B2AE5D /* Preview Content */,
				42695E1028574410005D18A8 /* Entity.swift */,
			);
			path = Req;
			sourceTree = "<group>";
		};
		55113C15285325B400B2AE5D /* Preview Content */ = {
			isa = PBXGroup;
			children = (
				55113C16285325B400B2AE5D /* Preview Assets.xcassets */,
			);
			path = "Preview Content";
			sourceTree = "<group>";
		};
/* End PBXGroup section */

/* Begin PBXNativeTarget section */
		55113C0B285325B300B2AE5D /* Req */ = {
			isa = PBXNativeTarget;
			buildConfigurationList = 55113C1F285325B400B2AE5D /* Build configuration list for PBXNativeTarget "Req" */;
			buildPhases = (
				55113C08285325B300B2AE5D /* Sources */,
				55113C09285325B300B2AE5D /* Frameworks */,
				55113C0A285325B300B2AE5D /* Resources */,
			);
			buildRules = (
			);
			dependencies = (
			);
			name = Req;
			productName = Req;
			productReference = 55113C0C285325B300B2AE5D /* Req.app */;
			productType = "com.apple.product-type.application";
		};
/* End PBXNativeTarget section */

/* Begin PBXProject section */
		55113C04285325B300B2AE5D /* Project object */ = {
			isa = PBXProject;
			attributes = {
				BuildIndependentTargetsInParallel = 1;
				LastSwiftUpdateCheck = 1330;
				LastUpgradeCheck = 1330;
				TargetAttributes = {
					55113C0B285325B300B2AE5D = {
						CreatedOnToolsVersion = 13.3;
					};
				};
			};
			buildConfigurationList = 55113C07285325B300B2AE5D /* Build configuration list for PBXProject "Req" */;
			compatibilityVersion = "Xcode 13.0";
			developmentRegion = en;
			hasScannedForEncodings = 0;
			knownRegions = (
				en,
				Base,
			);
			mainGroup = 55113C03285325B300B2AE5D;
			productRefGroup = 55113C0D285325B300B2AE5D /* Products */;
			projectDirPath = "";
			projectRoot = "";
			targets = (
				55113C0B285325B300B2AE5D /* Req */,
			);
		};
/* End PBXProject section */

/* Begin PBXResourcesBuildPhase section */
		55113C0A285325B300B2AE5D /* Resources */ = {
			isa = PBXResourcesBuildPhase;
			buildActionMask = 2147483647;
			files = (
				55113C17285325B400B2AE5D /* Preview Assets.xcassets in Resources */,
				55113C14285325B400B2AE5D /* Assets.xcassets in Resources */,
			);
			runOnlyForDeploymentPostprocessing = 0;
		};
/* End PBXResourcesBuildPhase section */

/* Begin PBXSourcesBuildPhase section */
		55113C08285325B300B2AE5D /* Sources */ = {
			isa = PBXSourcesBuildPhase;
			buildActionMask = 2147483647;
			files = (
				4239FA19285601B6005B9C82 /* DetailViewDescription.swift in Sources */,
				55113C1C285325B400B2AE5D /* Req.xcdatamodeld in Sources */,
				55113C19285325B400B2AE5D /* Persistence.swift in Sources */,
				55113C12285325B300B2AE5D /* ContentView.swift in Sources */,
				4249EE8A285513B300F63F11 /* TopMenuView.swift in Sources */,
				4239FA1D28564901005B9C82 /* DetailViewFeedback.swift in Sources */,
				42695E1128574410005D18A8 /* Entity.swift in Sources */,
				4241F84828548802001E11DF /* DetailView.swift in Sources */,
				4249EE8C285515C600F63F11 /* ImageView.swift in Sources */,
				42695E1328574490005D18A8 /* PinImage.swift in Sources */,
				55113C10285325B300B2AE5D /* ReqApp.swift in Sources */,
			);
			runOnlyForDeploymentPostprocessing = 0;
		};
/* End PBXSourcesBuildPhase section */

/* Begin XCBuildConfiguration section */
		55113C1D285325B400B2AE5D /* Debug */ = {
			isa = XCBuildConfiguration;
			buildSettings = {
				ALWAYS_SEARCH_USER_PATHS = NO;
				CLANG_ANALYZER_NONNULL = YES;
				CLANG_ANALYZER_NUMBER_OBJECT_CONVERSION = YES_AGGRESSIVE;
				CLANG_CXX_LANGUAGE_STANDARD = "gnu++17";
				CLANG_ENABLE_MODULES = YES;
				CLANG_ENABLE_OBJC_ARC = YES;
				CLANG_ENABLE_OBJC_WEAK = YES;
				CLANG_WARN_BLOCK_CAPTURE_AUTORELEASING = YES;
				CLANG_WARN_BOOL_CONVERSION = YES;
				CLANG_WARN_COMMA = YES;
				CLANG_WARN_CONSTANT_CONVERSION = YES;
				CLANG_WARN_DEPRECATED_OBJC_IMPLEMENTATIONS = YES;
				CLANG_WARN_DIRECT_OBJC_ISA_USAGE = YES_ERROR;
				CLANG_WARN_DOCUMENTATION_COMMENTS = YES;
				CLANG_WARN_EMPTY_BODY = YES;
				CLANG_WARN_ENUM_CONVERSION = YES;
				CLANG_WARN_INFINITE_RECURSION = YES;
				CLANG_WARN_INT_CONVERSION = YES;
				CLANG_WARN_NON_LITERAL_NULL_CONVERSION = YES;
				CLANG_WARN_OBJC_IMPLICIT_RETAIN_SELF = YES;
				CLANG_WARN_OBJC_LITERAL_CONVERSION = YES;
				CLANG_WARN_OBJC_ROOT_CLASS = YES_ERROR;
				CLANG_WARN_QUOTED_INCLUDE_IN_FRAMEWORK_HEADER = YES;
				CLANG_WARN_RANGE_LOOP_ANALYSIS = YES;
				CLANG_WARN_STRICT_PROTOTYPES = YES;
				CLANG_WARN_SUSPICIOUS_MOVE = YES;
				CLANG_WARN_UNGUARDED_AVAILABILITY = YES_AGGRESSIVE;
				CLANG_WARN_UNREACHABLE_CODE = YES;
				CLANG_WARN__DUPLICATE_METHOD_MATCH = YES;
				COPY_PHASE_STRIP = NO;
				DEBUG_INFORMATION_FORMAT = dwarf;
				ENABLE_STRICT_OBJC_MSGSEND = YES;
				ENABLE_TESTABILITY = YES;
				GCC_C_LANGUAGE_STANDARD = gnu11;
				GCC_DYNAMIC_NO_PIC = NO;
				GCC_NO_COMMON_BLOCKS = YES;
				GCC_OPTIMIZATION_LEVEL = 0;
				GCC_PREPROCESSOR_DEFINITIONS = (
					"DEBUG=1",
					"$(inherited)",
				);
				GCC_WARN_64_TO_32_BIT_CONVERSION = YES;
				GCC_WARN_ABOUT_RETURN_TYPE = YES_ERROR;
				GCC_WARN_UNDECLARED_SELECTOR = YES;
				GCC_WARN_UNINITIALIZED_AUTOS = YES_AGGRESSIVE;
				GCC_WARN_UNUSED_FUNCTION = YES;
				GCC_WARN_UNUSED_VARIABLE = YES;
				IPHONEOS_DEPLOYMENT_TARGET = 15.4;
				MTL_ENABLE_DEBUG_INFO = INCLUDE_SOURCE;
				MTL_FAST_MATH = YES;
				ONLY_ACTIVE_ARCH = YES;
				SDKROOT = iphoneos;
				SWIFT_ACTIVE_COMPILATION_CONDITIONS = DEBUG;
				SWIFT_OPTIMIZATION_LEVEL = "-Onone";
			};
			name = Debug;
		};
		55113C1E285325B400B2AE5D /* Release */ = {
			isa = XCBuildConfiguration;
			buildSettings = {
				ALWAYS_SEARCH_USER_PATHS = NO;
				CLANG_ANALYZER_NONNULL = YES;
				CLANG_ANALYZER_NUMBER_OBJECT_CONVERSION = YES_AGGRESSIVE;
				CLANG_CXX_LANGUAGE_STANDARD = "gnu++17";
				CLANG_ENABLE_MODULES = YES;
				CLANG_ENABLE_OBJC_ARC = YES;
				CLANG_ENABLE_OBJC_WEAK = YES;
				CLANG_WARN_BLOCK_CAPTURE_AUTORELEASING = YES;
				CLANG_WARN_BOOL_CONVERSION = YES;
				CLANG_WARN_COMMA = YES;
				CLANG_WARN_CONSTANT_CONVERSION = YES;
				CLANG_WARN_DEPRECATED_OBJC_IMPLEMENTATIONS = YES;
				CLANG_WARN_DIRECT_OBJC_ISA_USAGE = YES_ERROR;
				CLANG_WARN_DOCUMENTATION_COMMENTS = YES;
				CLANG_WARN_EMPTY_BODY = YES;
				CLANG_WARN_ENUM_CONVERSION = YES;
				CLANG_WARN_INFINITE_RECURSION = YES;
				CLANG_WARN_INT_CONVERSION = YES;
				CLANG_WARN_NON_LITERAL_NULL_CONVERSION = YES;
				CLANG_WARN_OBJC_IMPLICIT_RETAIN_SELF = YES;
				CLANG_WARN_OBJC_LITERAL_CONVERSION = YES;
				CLANG_WARN_OBJC_ROOT_CLASS = YES_ERROR;
				CLANG_WARN_QUOTED_INCLUDE_IN_FRAMEWORK_HEADER = YES;
				CLANG_WARN_RANGE_LOOP_ANALYSIS = YES;
				CLANG_WARN_STRICT_PROTOTYPES = YES;
				CLANG_WARN_SUSPICIOUS_MOVE = YES;
				CLANG_WARN_UNGUARDED_AVAILABILITY = YES_AGGRESSIVE;
				CLANG_WARN_UNREACHABLE_CODE = YES;
				CLANG_WARN__DUPLICATE_METHOD_MATCH = YES;
				COPY_PHASE_STRIP = NO;
				DEBUG_INFORMATION_FORMAT = "dwarf-with-dsym";
				ENABLE_NS_ASSERTIONS = NO;
				ENABLE_STRICT_OBJC_MSGSEND = YES;
				GCC_C_LANGUAGE_STANDARD = gnu11;
				GCC_NO_COMMON_BLOCKS = YES;
				GCC_WARN_64_TO_32_BIT_CONVERSION = YES;
				GCC_WARN_ABOUT_RETURN_TYPE = YES_ERROR;
				GCC_WARN_UNDECLARED_SELECTOR = YES;
				GCC_WARN_UNINITIALIZED_AUTOS = YES_AGGRESSIVE;
				GCC_WARN_UNUSED_FUNCTION = YES;
				GCC_WARN_UNUSED_VARIABLE = YES;
				IPHONEOS_DEPLOYMENT_TARGET = 15.4;
				MTL_ENABLE_DEBUG_INFO = NO;
				MTL_FAST_MATH = YES;
				SDKROOT = iphoneos;
				SWIFT_COMPILATION_MODE = wholemodule;
				SWIFT_OPTIMIZATION_LEVEL = "-O";
				VALIDATE_PRODUCT = YES;
			};
			name = Release;
		};
		55113C20285325B400B2AE5D /* Debug */ = {
			isa = XCBuildConfiguration;
			buildSettings = {
				ASSETCATALOG_COMPILER_APPICON_NAME = AppIcon;
				ASSETCATALOG_COMPILER_GLOBAL_ACCENT_COLOR_NAME = AccentColor;
				CODE_SIGN_STYLE = Automatic;
				CURRENT_PROJECT_VERSION = 1;
				DEVELOPMENT_ASSET_PATHS = "\"Req/Preview Content\"";
				DEVELOPMENT_TEAM = 59HAHH5VLW;
				ENABLE_PREVIEWS = YES;
				GENERATE_INFOPLIST_FILE = YES;
				INFOPLIST_KEY_UIApplicationSceneManifest_Generation = YES;
				INFOPLIST_KEY_UIApplicationSupportsIndirectInputEvents = YES;
				INFOPLIST_KEY_UILaunchScreen_Generation = YES;
				INFOPLIST_KEY_UISupportedInterfaceOrientations_iPad = "UIInterfaceOrientationPortrait UIInterfaceOrientationPortraitUpsideDown UIInterfaceOrientationLandscapeLeft UIInterfaceOrientationLandscapeRight";
				INFOPLIST_KEY_UISupportedInterfaceOrientations_iPhone = "UIInterfaceOrientationPortrait UIInterfaceOrientationLandscapeLeft UIInterfaceOrientationLandscapeRight";
				LD_RUNPATH_SEARCH_PATHS = (
					"$(inherited)",
					"@executable_path/Frameworks",
				);
				MARKETING_VERSION = 1.0;
				PRODUCT_BUNDLE_IDENTIFIER = com.curry.Req;
				PRODUCT_NAME = "$(TARGET_NAME)";
				SWIFT_EMIT_LOC_STRINGS = YES;
				SWIFT_VERSION = 5.0;
				TARGETED_DEVICE_FAMILY = "1,2";
			};
			name = Debug;
		};
		55113C21285325B400B2AE5D /* Release */ = {
			isa = XCBuildConfiguration;
			buildSettings = {
				ASSETCATALOG_COMPILER_APPICON_NAME = AppIcon;
				ASSETCATALOG_COMPILER_GLOBAL_ACCENT_COLOR_NAME = AccentColor;
				CODE_SIGN_STYLE = Automatic;
				CURRENT_PROJECT_VERSION = 1;
				DEVELOPMENT_ASSET_PATHS = "\"Req/Preview Content\"";
				DEVELOPMENT_TEAM = 59HAHH5VLW;
				ENABLE_PREVIEWS = YES;
				GENERATE_INFOPLIST_FILE = YES;
				INFOPLIST_KEY_UIApplicationSceneManifest_Generation = YES;
				INFOPLIST_KEY_UIApplicationSupportsIndirectInputEvents = YES;
				INFOPLIST_KEY_UILaunchScreen_Generation = YES;
				INFOPLIST_KEY_UISupportedInterfaceOrientations_iPad = "UIInterfaceOrientationPortrait UIInterfaceOrientationPortraitUpsideDown UIInterfaceOrientationLandscapeLeft UIInterfaceOrientationLandscapeRight";
				INFOPLIST_KEY_UISupportedInterfaceOrientations_iPhone = "UIInterfaceOrientationPortrait UIInterfaceOrientationLandscapeLeft UIInterfaceOrientationLandscapeRight";
				LD_RUNPATH_SEARCH_PATHS = (
					"$(inherited)",
					"@executable_path/Frameworks",
				);
				MARKETING_VERSION = 1.0;
				PRODUCT_BUNDLE_IDENTIFIER = com.curry.Req;
				PRODUCT_NAME = "$(TARGET_NAME)";
				SWIFT_EMIT_LOC_STRINGS = YES;
				SWIFT_VERSION = 5.0;
				TARGETED_DEVICE_FAMILY = "1,2";
			};
			name = Release;
		};
/* End XCBuildConfiguration section */

/* Begin XCConfigurationList section */
		55113C07285325B300B2AE5D /* Build configuration list for PBXProject "Req" */ = {
			isa = XCConfigurationList;
			buildConfigurations = (
				55113C1D285325B400B2AE5D /* Debug */,
				55113C1E285325B400B2AE5D /* Release */,
			);
			defaultConfigurationIsVisible = 0;
			defaultConfigurationName = Release;
		};
		55113C1F285325B400B2AE5D /* Build configuration list for PBXNativeTarget "Req" */ = {
			isa = XCConfigurationList;
			buildConfigurations = (
				55113C20285325B400B2AE5D /* Debug */,
				55113C21285325B400B2AE5D /* Release */,
			);
			defaultConfigurationIsVisible = 0;
			defaultConfigurationName = Release;
		};
/* End XCConfigurationList section */

/* Begin XCVersionGroup section */
		55113C1A285325B400B2AE5D /* Req.xcdatamodeld */ = {
			isa = XCVersionGroup;
			children = (
				55113C1B285325B400B2AE5D /* Req.xcdatamodel */,
			);
			currentVersion = 55113C1B285325B400B2AE5D /* Req.xcdatamodel */;
			path = Req.xcdatamodeld;
			sourceTree = "<group>";
			versionGroupType = wrapper.xcdatamodel;
		};
/* End XCVersionGroup section */
	};
	rootObject = 55113C04285325B300B2AE5D /* Project object */;
}
